
Microsoft Visual Studio Solution File, Format Version 12.00
# Visual Studio Version 17
VisualStudioVersion = 17.4.33213.308
MinimumVisualStudioVersion = 10.0.40219.1
Project("{9A19103F-16F7-4668-BE54-9A1E7A4F7556}") = "ListaExercicios01.Exercicio01", "ListaExercicios01.Exercicio01\ListaExercicios01.Exercicio01.csproj", "{A706E969-3D42-4273-98FD-517B84108A5E}"
EndProject
Project("{9A19103F-16F7-4668-BE54-9A1E7A4F7556}") = "ListaExercicio.Exercicio02", "ListaExercicio.Exercicio02\ListaExercicio.Exercicio02.csproj", "{D3CF4FCA-5C26-4275-9CAB-D35569C49A1F}"
EndProject
Project("{9A19103F-16F7-4668-BE54-9A1E7A4F7556}") = "ListaExercicio.Exercicio03", "ListaExercicio.Exercicio03\ListaExercicio.Exercicio03.csproj", "{F7BFD85F-EAB2-4F77-BD46-AA1C80E29E3C}"
EndProject
Project("{9A19103F-16F7-4668-BE54-9A1E7A4F7556}") = "ListaExercicio.Exercicio04", "ListaExercicio.Exercicio04\ListaExercicio.Exercicio04.csproj", "{F83BBDC0-A844-4AFC-B860-760BDE8B310E}"
EndProject
Project("{9A19103F-16F7-4668-BE54-9A1E7A4F7556}") = "ListaExercicio.Exercicio05", "ListaExercicio.Exercicio05\ListaExercicio.Exercicio05.csproj", "{F491AC9C-5009-4B65-BAA9-EB41D5BFD6EC}"
EndProject
Project("{9A19103F-16F7-4668-BE54-9A1E7A4F7556}") = "ListaExercicio.Exercicio06", "ListaExercicio.Exercicio06\ListaExercicio.Exercicio06.csproj", "{A1F82A49-FA50-4671-8D5F-AC23A1DD72BC}"
EndProject
Project("{9A19103F-16F7-4668-BE54-9A1E7A4F7556}") = "ListaExercicio.Exercicio07", "ListaExercicio.Exercicio07\ListaExercicio.Exercicio07.csproj", "{75B280BC-5DAF-4391-9149-37336982A24A}"
EndProject
Project("{9A19103F-16F7-4668-BE54-9A1E7A4F7556}") = "ListaExercicio.Exercicio08", "ListaExercicio.Exercicio08\ListaExercicio.Exercicio08.csproj", "{CBED9E1C-505B-4872-B20E-3718F131A280}"
EndProject
Project("{9A19103F-16F7-4668-BE54-9A1E7A4F7556}") = "ListaExercicio.Exercicio09", "ListaExercicio.Exercicio09\ListaExercicio.Exercicio09.csproj", "{D691D08B-4EF9-4E57-9577-FD32AE17D806}"
EndProject
Project("{9A19103F-16F7-4668-BE54-9A1E7A4F7556}") = "ListaExercicio.Exercicio10", "ListaExercicio.Exercicio10\ListaExercicio.Exercicio10.csproj", "{750C02E5-F707-4E60-B17A-05BF268BCAAC}"
EndProject
Project("{9A19103F-16F7-4668-BE54-9A1E7A4F7556}") = "ListaExercicio.Exercicio11", "ListaExercicio.Exercicio11\ListaExercicio.Exercicio11.csproj", "{91805D21-E678-4619-A1B4-61855A223FF8}"
EndProject
Project("{9A19103F-16F7-4668-BE54-9A1E7A4F7556}") = "ListaExercicio.Exercicio12", "ListaExercicio.Exercicio12\ListaExercicio.Exercicio12.csproj", "{F695A4FF-DB5D-47D0-89D0-46E540652D43}"
EndProject
Project("{9A19103F-16F7-4668-BE54-9A1E7A4F7556}") = "ListaExercicio.Exercicio13", "ListaExercicio.Exercicio13\ListaExercicio.Exercicio13.csproj", "{3118B9BB-3450-407A-A391-920E4693F492}"
EndProject
Project("{9A19103F-16F7-4668-BE54-9A1E7A4F7556}") = "ListaExercicio.Exercicio14", "ListaExercicio.Exercio14\ListaExercicio.Exercicio14.csproj", "{D473D6CA-8061-4002-9E5B-95DAD40F3239}"
EndProject
Project("{9A19103F-16F7-4668-BE54-9A1E7A4F7556}") = "ListaExercicio.Exercicio15", "ListaExercicio.Exercicio15\ListaExercicio.Exercicio15.csproj", "{24718612-EF7F-48DF-905D-7D9A52037FA3}"
EndProject
Project("{9A19103F-16F7-4668-BE54-9A1E7A4F7556}") = "ListaExercicio.Exercicio16", "ListaExercicio.Exercicio16\ListaExercicio.Exercicio16.csproj", "{949DC1CB-B46F-446A-80E8-04658E99421E}"
EndProject
Project("{9A19103F-16F7-4668-BE54-9A1E7A4F7556}") = "ListaExercicio.Exercicio17", "ListaExercicio.Exercicio17\ListaExercicio.Exercicio17.csproj", "{6B57AA26-7DFB-4450-BF64-CDB0F34C2D39}"
EndProject
Project("{9A19103F-16F7-4668-BE54-9A1E7A4F7556}") = "ListaExercicio.Exercicio18", "ListaExercicio.Exercicio18\ListaExercicio.Exercicio18.csproj", "{7C2150E8-2BB1-4054-B276-8B19080146DD}"
EndProject
Project("{9A19103F-16F7-4668-BE54-9A1E7A4F7556}") = "ListaExercicio.Exercicio19", "ListaExercicio.Exercicio19\ListaExercicio.Exercicio19.csproj", "{F841566D-1B32-4810-96F7-AA4997CEB110}"
EndProject
Project("{9A19103F-16F7-4668-BE54-9A1E7A4F7556}") = "ListaExercicio.Exercicio20", "ListaExercicio.Exercicio20\ListaExercicio.Exercicio20.csproj", "{8202D811-AA4A-4C3B-8503-625D53591E5A}"
EndProject
Project("{9A19103F-16F7-4668-BE54-9A1E7A4F7556}") = "ListaExercicio.Exercicio21", "ListaExercicio.Exercicio21\ListaExercicio.Exercicio21.csproj", "{C9F7B5EB-9AFB-4B2B-BAE1-6D66A7D00442}"
EndProject
Project("{9A19103F-16F7-4668-BE54-9A1E7A4F7556}") = "ListaExercicio.Exercicio22", "ListaExercicio.Exercicio22\ListaExercicio.Exercicio22.csproj", "{7C77A9C5-064B-492C-A726-1B79A660C19D}"
EndProject
Project("{9A19103F-16F7-4668-BE54-9A1E7A4F7556}") = "ListaExercicio.Exercicio23", "ListaExercicio.Exercicio23\ListaExercicio.Exercicio23.csproj", "{D571218A-4F9D-4ACD-94F8-C1F2E45AACC2}"
EndProject
Project("{9A19103F-16F7-4668-BE54-9A1E7A4F7556}") = "ListaExercicio.Exercicio24", "ListaExercicio.Exercicio24\ListaExercicio.Exercicio24.csproj", "{C79DAE95-C58E-4E38-AB16-311ECEEBE8C2}"
EndProject
Project("{9A19103F-16F7-4668-BE54-9A1E7A4F7556}") = "ListaExercicio.Exercicio25", "ListaExercicio.Exercicio25\ListaExercicio.Exercicio25.csproj", "{88F246A8-18EA-4CF9-80EE-9F884F8FBEE3}"
EndProject
Project("{9A19103F-16F7-4668-BE54-9A1E7A4F7556}") = "ListaExercicio.Exercicio26", "ListaExercicio.Exercicio26\ListaExercicio.Exercicio26.csproj", "{08534616-E00F-4BB2-ADC1-BC577CECED07}"
EndProject
Project("{9A19103F-16F7-4668-BE54-9A1E7A4F7556}") = "ListaExercicio.Exercicio27", "ListaExercicio.Exercicio27\ListaExercicio.Exercicio27.csproj", "{05A6D806-13B0-4A5E-912A-F80E2D1DA6C7}"
EndProject
Project("{9A19103F-16F7-4668-BE54-9A1E7A4F7556}") = "ListaExercicio.Exercicio28", "ListaExercicio.Exercicio28\ListaExercicio.Exercicio28.csproj", "{BA8470C9-1379-4077-A276-75827B9B978A}"
EndProject
Project("{FAE04EC0-301F-11D3-BF4B-00C04F79EFBC}") = "ListaExercicio.Exercicio29", "ListaExercicio.Exercicio29\ListaExercicio.Exercicio29.csproj", "{E166F3B2-FE4F-4711-861B-D0A82E789C44}"
EndProject
Global
	GlobalSection(SolutionConfigurationPlatforms) = preSolution
		Debug|Any CPU = Debug|Any CPU
		Release|Any CPU = Release|Any CPU
	EndGlobalSection
	GlobalSection(ProjectConfigurationPlatforms) = postSolution
		{A706E969-3D42-4273-98FD-517B84108A5E}.Debug|Any CPU.ActiveCfg = Debug|Any CPU
		{A706E969-3D42-4273-98FD-517B84108A5E}.Debug|Any CPU.Build.0 = Debug|Any CPU
		{A706E969-3D42-4273-98FD-517B84108A5E}.Release|Any CPU.ActiveCfg = Release|Any CPU
		{A706E969-3D42-4273-98FD-517B84108A5E}.Release|Any CPU.Build.0 = Release|Any CPU
		{D3CF4FCA-5C26-4275-9CAB-D35569C49A1F}.Debug|Any CPU.ActiveCfg = Debug|Any CPU
		{D3CF4FCA-5C26-4275-9CAB-D35569C49A1F}.Debug|Any CPU.Build.0 = Debug|Any CPU
		{D3CF4FCA-5C26-4275-9CAB-D35569C49A1F}.Release|Any CPU.ActiveCfg = Release|Any CPU
		{D3CF4FCA-5C26-4275-9CAB-D35569C49A1F}.Release|Any CPU.Build.0 = Release|Any CPU
		{F7BFD85F-EAB2-4F77-BD46-AA1C80E29E3C}.Debug|Any CPU.ActiveCfg = Debug|Any CPU
		{F7BFD85F-EAB2-4F77-BD46-AA1C80E29E3C}.Debug|Any CPU.Build.0 = Debug|Any CPU
		{F7BFD85F-EAB2-4F77-BD46-AA1C80E29E3C}.Release|Any CPU.ActiveCfg = Release|Any CPU
		{F7BFD85F-EAB2-4F77-BD46-AA1C80E29E3C}.Release|Any CPU.Build.0 = Release|Any CPU
		{F83BBDC0-A844-4AFC-B860-760BDE8B310E}.Debug|Any CPU.ActiveCfg = Debug|Any CPU
		{F83BBDC0-A844-4AFC-B860-760BDE8B310E}.Debug|Any CPU.Build.0 = Debug|Any CPU
		{F83BBDC0-A844-4AFC-B860-760BDE8B310E}.Release|Any CPU.ActiveCfg = Release|Any CPU
		{F83BBDC0-A844-4AFC-B860-760BDE8B310E}.Release|Any CPU.Build.0 = Release|Any CPU
		{F491AC9C-5009-4B65-BAA9-EB41D5BFD6EC}.Debug|Any CPU.ActiveCfg = Debug|Any CPU
		{F491AC9C-5009-4B65-BAA9-EB41D5BFD6EC}.Debug|Any CPU.Build.0 = Debug|Any CPU
		{F491AC9C-5009-4B65-BAA9-EB41D5BFD6EC}.Release|Any CPU.ActiveCfg = Release|Any CPU
		{F491AC9C-5009-4B65-BAA9-EB41D5BFD6EC}.Release|Any CPU.Build.0 = Release|Any CPU
		{A1F82A49-FA50-4671-8D5F-AC23A1DD72BC}.Debug|Any CPU.ActiveCfg = Debug|Any CPU
		{A1F82A49-FA50-4671-8D5F-AC23A1DD72BC}.Debug|Any CPU.Build.0 = Debug|Any CPU
		{A1F82A49-FA50-4671-8D5F-AC23A1DD72BC}.Release|Any CPU.ActiveCfg = Release|Any CPU
		{A1F82A49-FA50-4671-8D5F-AC23A1DD72BC}.Release|Any CPU.Build.0 = Release|Any CPU
		{75B280BC-5DAF-4391-9149-37336982A24A}.Debug|Any CPU.ActiveCfg = Debug|Any CPU
		{75B280BC-5DAF-4391-9149-37336982A24A}.Debug|Any CPU.Build.0 = Debug|Any CPU
		{75B280BC-5DAF-4391-9149-37336982A24A}.Release|Any CPU.ActiveCfg = Release|Any CPU
		{75B280BC-5DAF-4391-9149-37336982A24A}.Release|Any CPU.Build.0 = Release|Any CPU
		{CBED9E1C-505B-4872-B20E-3718F131A280}.Debug|Any CPU.ActiveCfg = Debug|Any CPU
		{CBED9E1C-505B-4872-B20E-3718F131A280}.Debug|Any CPU.Build.0 = Debug|Any CPU
		{CBED9E1C-505B-4872-B20E-3718F131A280}.Release|Any CPU.ActiveCfg = Release|Any CPU
		{CBED9E1C-505B-4872-B20E-3718F131A280}.Release|Any CPU.Build.0 = Release|Any CPU
		{D691D08B-4EF9-4E57-9577-FD32AE17D806}.Debug|Any CPU.ActiveCfg = Debug|Any CPU
		{D691D08B-4EF9-4E57-9577-FD32AE17D806}.Debug|Any CPU.Build.0 = Debug|Any CPU
		{D691D08B-4EF9-4E57-9577-FD32AE17D806}.Release|Any CPU.ActiveCfg = Release|Any CPU
		{D691D08B-4EF9-4E57-9577-FD32AE17D806}.Release|Any CPU.Build.0 = Release|Any CPU
		{750C02E5-F707-4E60-B17A-05BF268BCAAC}.Debug|Any CPU.ActiveCfg = Debug|Any CPU
		{750C02E5-F707-4E60-B17A-05BF268BCAAC}.Debug|Any CPU.Build.0 = Debug|Any CPU
		{750C02E5-F707-4E60-B17A-05BF268BCAAC}.Release|Any CPU.ActiveCfg = Release|Any CPU
		{750C02E5-F707-4E60-B17A-05BF268BCAAC}.Release|Any CPU.Build.0 = Release|Any CPU
		{91805D21-E678-4619-A1B4-61855A223FF8}.Debug|Any CPU.ActiveCfg = Debug|Any CPU
		{91805D21-E678-4619-A1B4-61855A223FF8}.Debug|Any CPU.Build.0 = Debug|Any CPU
		{91805D21-E678-4619-A1B4-61855A223FF8}.Release|Any CPU.ActiveCfg = Release|Any CPU
		{91805D21-E678-4619-A1B4-61855A223FF8}.Release|Any CPU.Build.0 = Release|Any CPU
		{F695A4FF-DB5D-47D0-89D0-46E540652D43}.Debug|Any CPU.ActiveCfg = Debug|Any CPU
		{F695A4FF-DB5D-47D0-89D0-46E540652D43}.Debug|Any CPU.Build.0 = Debug|Any CPU
		{F695A4FF-DB5D-47D0-89D0-46E540652D43}.Release|Any CPU.ActiveCfg = Release|Any CPU
		{F695A4FF-DB5D-47D0-89D0-46E540652D43}.Release|Any CPU.Build.0 = Release|Any CPU
		{3118B9BB-3450-407A-A391-920E4693F492}.Debug|Any CPU.ActiveCfg = Debug|Any CPU
		{3118B9BB-3450-407A-A391-920E4693F492}.Debug|Any CPU.Build.0 = Debug|Any CPU
		{3118B9BB-3450-407A-A391-920E4693F492}.Release|Any CPU.ActiveCfg = Release|Any CPU
		{3118B9BB-3450-407A-A391-920E4693F492}.Release|Any CPU.Build.0 = Release|Any CPU
		{D473D6CA-8061-4002-9E5B-95DAD40F3239}.Debug|Any CPU.ActiveCfg = Debug|Any CPU
		{D473D6CA-8061-4002-9E5B-95DAD40F3239}.Debug|Any CPU.Build.0 = Debug|Any CPU
		{D473D6CA-8061-4002-9E5B-95DAD40F3239}.Release|Any CPU.ActiveCfg = Release|Any CPU
		{D473D6CA-8061-4002-9E5B-95DAD40F3239}.Release|Any CPU.Build.0 = Release|Any CPU
		{24718612-EF7F-48DF-905D-7D9A52037FA3}.Debug|Any CPU.ActiveCfg = Debug|Any CPU
		{24718612-EF7F-48DF-905D-7D9A52037FA3}.Debug|Any CPU.Build.0 = Debug|Any CPU
		{24718612-EF7F-48DF-905D-7D9A52037FA3}.Release|Any CPU.ActiveCfg = Release|Any CPU
		{24718612-EF7F-48DF-905D-7D9A52037FA3}.Release|Any CPU.Build.0 = Release|Any CPU
		{949DC1CB-B46F-446A-80E8-04658E99421E}.Debug|Any CPU.ActiveCfg = Debug|Any CPU
		{949DC1CB-B46F-446A-80E8-04658E99421E}.Debug|Any CPU.Build.0 = Debug|Any CPU
		{949DC1CB-B46F-446A-80E8-04658E99421E}.Release|Any CPU.ActiveCfg = Release|Any CPU
		{949DC1CB-B46F-446A-80E8-04658E99421E}.Release|Any CPU.Build.0 = Release|Any CPU
		{6B57AA26-7DFB-4450-BF64-CDB0F34C2D39}.Debug|Any CPU.ActiveCfg = Debug|Any CPU
		{6B57AA26-7DFB-4450-BF64-CDB0F34C2D39}.Debug|Any CPU.Build.0 = Debug|Any CPU
		{6B57AA26-7DFB-4450-BF64-CDB0F34C2D39}.Release|Any CPU.ActiveCfg = Release|Any CPU
		{6B57AA26-7DFB-4450-BF64-CDB0F34C2D39}.Release|Any CPU.Build.0 = Release|Any CPU
		{7C2150E8-2BB1-4054-B276-8B19080146DD}.Debug|Any CPU.ActiveCfg = Debug|Any CPU
		{7C2150E8-2BB1-4054-B276-8B19080146DD}.Debug|Any CPU.Build.0 = Debug|Any CPU
		{7C2150E8-2BB1-4054-B276-8B19080146DD}.Release|Any CPU.ActiveCfg = Release|Any CPU
		{7C2150E8-2BB1-4054-B276-8B19080146DD}.Release|Any CPU.Build.0 = Release|Any CPU
		{F841566D-1B32-4810-96F7-AA4997CEB110}.Debug|Any CPU.ActiveCfg = Debug|Any CPU
		{F841566D-1B32-4810-96F7-AA4997CEB110}.Debug|Any CPU.Build.0 = Debug|Any CPU
		{F841566D-1B32-4810-96F7-AA4997CEB110}.Release|Any CPU.ActiveCfg = Release|Any CPU
		{F841566D-1B32-4810-96F7-AA4997CEB110}.Release|Any CPU.Build.0 = Release|Any CPU
		{8202D811-AA4A-4C3B-8503-625D53591E5A}.Debug|Any CPU.ActiveCfg = Debug|Any CPU
		{8202D811-AA4A-4C3B-8503-625D53591E5A}.Debug|Any CPU.Build.0 = Debug|Any CPU
		{8202D811-AA4A-4C3B-8503-625D53591E5A}.Release|Any CPU.ActiveCfg = Release|Any CPU
		{8202D811-AA4A-4C3B-8503-625D53591E5A}.Release|Any CPU.Build.0 = Release|Any CPU
		{C9F7B5EB-9AFB-4B2B-BAE1-6D66A7D00442}.Debug|Any CPU.ActiveCfg = Debug|Any CPU
		{C9F7B5EB-9AFB-4B2B-BAE1-6D66A7D00442}.Debug|Any CPU.Build.0 = Debug|Any CPU
		{C9F7B5EB-9AFB-4B2B-BAE1-6D66A7D00442}.Release|Any CPU.ActiveCfg = Release|Any CPU
		{C9F7B5EB-9AFB-4B2B-BAE1-6D66A7D00442}.Release|Any CPU.Build.0 = Release|Any CPU
		{7C77A9C5-064B-492C-A726-1B79A660C19D}.Debug|Any CPU.ActiveCfg = Debug|Any CPU
		{7C77A9C5-064B-492C-A726-1B79A660C19D}.Debug|Any CPU.Build.0 = Debug|Any CPU
		{7C77A9C5-064B-492C-A726-1B79A660C19D}.Release|Any CPU.ActiveCfg = Release|Any CPU
		{7C77A9C5-064B-492C-A726-1B79A660C19D}.Release|Any CPU.Build.0 = Release|Any CPU
		{D571218A-4F9D-4ACD-94F8-C1F2E45AACC2}.Debug|Any CPU.ActiveCfg = Debug|Any CPU
		{D571218A-4F9D-4ACD-94F8-C1F2E45AACC2}.Debug|Any CPU.Build.0 = Debug|Any CPU
		{D571218A-4F9D-4ACD-94F8-C1F2E45AACC2}.Release|Any CPU.ActiveCfg = Release|Any CPU
		{D571218A-4F9D-4ACD-94F8-C1F2E45AACC2}.Release|Any CPU.Build.0 = Release|Any CPU
		{C79DAE95-C58E-4E38-AB16-311ECEEBE8C2}.Debug|Any CPU.ActiveCfg = Debug|Any CPU
		{C79DAE95-C58E-4E38-AB16-311ECEEBE8C2}.Debug|Any CPU.Build.0 = Debug|Any CPU
		{C79DAE95-C58E-4E38-AB16-311ECEEBE8C2}.Release|Any CPU.ActiveCfg = Release|Any CPU
		{C79DAE95-C58E-4E38-AB16-311ECEEBE8C2}.Release|Any CPU.Build.0 = Release|Any CPU
		{88F246A8-18EA-4CF9-80EE-9F884F8FBEE3}.Debug|Any CPU.ActiveCfg = Debug|Any CPU
		{88F246A8-18EA-4CF9-80EE-9F884F8FBEE3}.Debug|Any CPU.Build.0 = Debug|Any CPU
		{88F246A8-18EA-4CF9-80EE-9F884F8FBEE3}.Release|Any CPU.ActiveCfg = Release|Any CPU
		{88F246A8-18EA-4CF9-80EE-9F884F8FBEE3}.Release|Any CPU.Build.0 = Release|Any CPU
		{08534616-E00F-4BB2-ADC1-BC577CECED07}.Debug|Any CPU.ActiveCfg = Debug|Any CPU
		{08534616-E00F-4BB2-ADC1-BC577CECED07}.Debug|Any CPU.Build.0 = Debug|Any CPU
		{08534616-E00F-4BB2-ADC1-BC577CECED07}.Release|Any CPU.ActiveCfg = Release|Any CPU
		{08534616-E00F-4BB2-ADC1-BC577CECED07}.Release|Any CPU.Build.0 = Release|Any CPU
		{05A6D806-13B0-4A5E-912A-F80E2D1DA6C7}.Debug|Any CPU.ActiveCfg = Debug|Any CPU
		{05A6D806-13B0-4A5E-912A-F80E2D1DA6C7}.Debug|Any CPU.Build.0 = Debug|Any CPU
		{05A6D806-13B0-4A5E-912A-F80E2D1DA6C7}.Release|Any CPU.ActiveCfg = Release|Any CPU
		{05A6D806-13B0-4A5E-912A-F80E2D1DA6C7}.Release|Any CPU.Build.0 = Release|Any CPU
		{BA8470C9-1379-4077-A276-75827B9B978A}.Debug|Any CPU.ActiveCfg = Debug|Any CPU
		{BA8470C9-1379-4077-A276-75827B9B978A}.Debug|Any CPU.Build.0 = Debug|Any CPU
		{BA8470C9-1379-4077-A276-75827B9B978A}.Release|Any CPU.ActiveCfg = Release|Any CPU
		{BA8470C9-1379-4077-A276-75827B9B978A}.Release|Any CPU.Build.0 = Release|Any CPU
		{E166F3B2-FE4F-4711-861B-D0A82E789C44}.Debug|Any CPU.ActiveCfg = Debug|Any CPU
		{E166F3B2-FE4F-4711-861B-D0A82E789C44}.Debug|Any CPU.Build.0 = Debug|Any CPU
		{E166F3B2-FE4F-4711-861B-D0A82E789C44}.Release|Any CPU.ActiveCfg = Release|Any CPU
		{E166F3B2-FE4F-4711-861B-D0A82E789C44}.Release|Any CPU.Build.0 = Release|Any CPU
	EndGlobalSection
	GlobalSection(SolutionProperties) = preSolution
		HideSolutionNode = FALSE
	EndGlobalSection
	GlobalSection(ExtensibilityGlobals) = postSolution
		SolutionGuid = {F64653CB-D9E7-40C2-B409-1FC262521BFE}
	EndGlobalSection
EndGlobal
